
Microsoft Visual Studio Solution File, Format Version 12.00
Project("{FAE04EC0-301F-11D3-BF4B-00C04F79EFBC}") = "AreaMath", "AreaMath\AreaMath.csproj", "{085C829E-FDCD-44B5-8A87-DF20E7366DE0}"
EndProject
Global
	GlobalSection(SolutionConfigurationPlatforms) = preSolution
		Debug|Any CPU = Debug|Any CPU
		Release|Any CPU = Release|Any CPU
	EndGlobalSection
	GlobalSection(ProjectConfigurationPlatforms) = postSolution
		{085C829E-FDCD-44B5-8A87-DF20E7366DE0}.Debug|Any CPU.ActiveCfg = Debug|Any CPU
		{085C829E-FDCD-44B5-8A87-DF20E7366DE0}.Debug|Any CPU.Build.0 = Debug|Any CPU
		{085C829E-FDCD-44B5-8A87-DF20E7366DE0}.Release|Any CPU.ActiveCfg = Release|Any CPU
		{085C829E-FDCD-44B5-8A87-DF20E7366DE0}.Release|Any CPU.Build.0 = Release|Any CPU
	EndGlobalSection
EndGlobal
